
Microsoft Visual Studio Solution File, Format Version 12.00
# Visual Studio Version 17
VisualStudioVersion = 17.13.35825.156
MinimumVisualStudioVersion = 10.0.40219.1
Project("{FAE04EC0-301F-11D3-BF4B-00C04F79EFBC}") = "InventoryProducer", "InventoryProducer\InventoryProducer.csproj", "{305ECF14-D1B5-4F13-AEB9-41B5B5CEFECE}"
EndProject
Project("{FAE04EC0-301F-11D3-BF4B-00C04F79EFBC}") = "InventoryConsumer", "InventoryConsumer\InventoryConsumer.csproj", "{D9810D2B-36FF-4F77-B13A-FF312D4CBDA2}"
EndProject
Project("{FAE04EC0-301F-11D3-BF4B-00C04F79EFBC}") = "OrderService", "OrderService\OrderService.csproj", "{B18ABD6A-CFE7-4ED1-BF68-82A726A4AA66}"
EndProject
Project("{FAE04EC0-301F-11D3-BF4B-00C04F79EFBC}") = "PaymentService", "PaymentService\PaymentService.csproj", "{C56607FD-FACA-4CE1-B6DD-FFD58E75D947}"
EndProject
Project("{FAE04EC0-301F-11D3-BF4B-00C04F79EFBC}") = "NotificationService", "NotificationService\NotificationService.csproj", "{0A35922A-F4E3-49C7-BF14-0119BAD015F2}"
EndProject
Global
	GlobalSection(SolutionConfigurationPlatforms) = preSolution
		Debug|Any CPU = Debug|Any CPU
		Debug|x64 = Debug|x64
		Debug|x86 = Debug|x86
		Release|Any CPU = Release|Any CPU
		Release|x64 = Release|x64
		Release|x86 = Release|x86
	EndGlobalSection
	GlobalSection(ProjectConfigurationPlatforms) = postSolution
		{305ECF14-D1B5-4F13-AEB9-41B5B5CEFECE}.Debug|Any CPU.ActiveCfg = Debug|Any CPU
		{305ECF14-D1B5-4F13-AEB9-41B5B5CEFECE}.Debug|Any CPU.Build.0 = Debug|Any CPU
		{305ECF14-D1B5-4F13-AEB9-41B5B5CEFECE}.Debug|x64.ActiveCfg = Debug|Any CPU
		{305ECF14-D1B5-4F13-AEB9-41B5B5CEFECE}.Debug|x64.Build.0 = Debug|Any CPU
		{305ECF14-D1B5-4F13-AEB9-41B5B5CEFECE}.Debug|x86.ActiveCfg = Debug|Any CPU
		{305ECF14-D1B5-4F13-AEB9-41B5B5CEFECE}.Debug|x86.Build.0 = Debug|Any CPU
		{305ECF14-D1B5-4F13-AEB9-41B5B5CEFECE}.Release|Any CPU.ActiveCfg = Release|Any CPU
		{305ECF14-D1B5-4F13-AEB9-41B5B5CEFECE}.Release|Any CPU.Build.0 = Release|Any CPU
		{305ECF14-D1B5-4F13-AEB9-41B5B5CEFECE}.Release|x64.ActiveCfg = Release|Any CPU
		{305ECF14-D1B5-4F13-AEB9-41B5B5CEFECE}.Release|x64.Build.0 = Release|Any CPU
		{305ECF14-D1B5-4F13-AEB9-41B5B5CEFECE}.Release|x86.ActiveCfg = Release|Any CPU
		{305ECF14-D1B5-4F13-AEB9-41B5B5CEFECE}.Release|x86.Build.0 = Release|Any CPU
		{D9810D2B-36FF-4F77-B13A-FF312D4CBDA2}.Debug|Any CPU.ActiveCfg = Debug|Any CPU
		{D9810D2B-36FF-4F77-B13A-FF312D4CBDA2}.Debug|Any CPU.Build.0 = Debug|Any CPU
		{D9810D2B-36FF-4F77-B13A-FF312D4CBDA2}.Debug|x64.ActiveCfg = Debug|Any CPU
		{D9810D2B-36FF-4F77-B13A-FF312D4CBDA2}.Debug|x64.Build.0 = Debug|Any CPU
		{D9810D2B-36FF-4F77-B13A-FF312D4CBDA2}.Debug|x86.ActiveCfg = Debug|Any CPU
		{D9810D2B-36FF-4F77-B13A-FF312D4CBDA2}.Debug|x86.Build.0 = Debug|Any CPU
		{D9810D2B-36FF-4F77-B13A-FF312D4CBDA2}.Release|Any CPU.ActiveCfg = Release|Any CPU
		{D9810D2B-36FF-4F77-B13A-FF312D4CBDA2}.Release|Any CPU.Build.0 = Release|Any CPU
		{D9810D2B-36FF-4F77-B13A-FF312D4CBDA2}.Release|x64.ActiveCfg = Release|Any CPU
		{D9810D2B-36FF-4F77-B13A-FF312D4CBDA2}.Release|x64.Build.0 = Release|Any CPU
		{D9810D2B-36FF-4F77-B13A-FF312D4CBDA2}.Release|x86.ActiveCfg = Release|Any CPU
		{D9810D2B-36FF-4F77-B13A-FF312D4CBDA2}.Release|x86.Build.0 = Release|Any CPU
		{B18ABD6A-CFE7-4ED1-BF68-82A726A4AA66}.Debug|Any CPU.ActiveCfg = Debug|Any CPU
		{B18ABD6A-CFE7-4ED1-BF68-82A726A4AA66}.Debug|Any CPU.Build.0 = Debug|Any CPU
		{B18ABD6A-CFE7-4ED1-BF68-82A726A4AA66}.Debug|x64.ActiveCfg = Debug|Any CPU
		{B18ABD6A-CFE7-4ED1-BF68-82A726A4AA66}.Debug|x64.Build.0 = Debug|Any CPU
		{B18ABD6A-CFE7-4ED1-BF68-82A726A4AA66}.Debug|x86.ActiveCfg = Debug|Any CPU
		{B18ABD6A-CFE7-4ED1-BF68-82A726A4AA66}.Debug|x86.Build.0 = Debug|Any CPU
		{B18ABD6A-CFE7-4ED1-BF68-82A726A4AA66}.Release|Any CPU.ActiveCfg = Release|Any CPU
		{B18ABD6A-CFE7-4ED1-BF68-82A726A4AA66}.Release|Any CPU.Build.0 = Release|Any CPU
		{B18ABD6A-CFE7-4ED1-BF68-82A726A4AA66}.Release|x64.ActiveCfg = Release|Any CPU
		{B18ABD6A-CFE7-4ED1-BF68-82A726A4AA66}.Release|x64.Build.0 = Release|Any CPU
		{B18ABD6A-CFE7-4ED1-BF68-82A726A4AA66}.Release|x86.ActiveCfg = Release|Any CPU
		{B18ABD6A-CFE7-4ED1-BF68-82A726A4AA66}.Release|x86.Build.0 = Release|Any CPU
		{C56607FD-FACA-4CE1-B6DD-FFD58E75D947}.Debug|Any CPU.ActiveCfg = Debug|Any CPU
		{C56607FD-FACA-4CE1-B6DD-FFD58E75D947}.Debug|Any CPU.Build.0 = Debug|Any CPU
		{C56607FD-FACA-4CE1-B6DD-FFD58E75D947}.Debug|x64.ActiveCfg = Debug|Any CPU
		{C56607FD-FACA-4CE1-B6DD-FFD58E75D947}.Debug|x64.Build.0 = Debug|Any CPU
		{C56607FD-FACA-4CE1-B6DD-FFD58E75D947}.Debug|x86.ActiveCfg = Debug|Any CPU
		{C56607FD-FACA-4CE1-B6DD-FFD58E75D947}.Debug|x86.Build.0 = Debug|Any CPU
		{C56607FD-FACA-4CE1-B6DD-FFD58E75D947}.Release|Any CPU.ActiveCfg = Release|Any CPU
		{C56607FD-FACA-4CE1-B6DD-FFD58E75D947}.Release|Any CPU.Build.0 = Release|Any CPU
		{C56607FD-FACA-4CE1-B6DD-FFD58E75D947}.Release|x64.ActiveCfg = Release|Any CPU
		{C56607FD-FACA-4CE1-B6DD-FFD58E75D947}.Release|x64.Build.0 = Release|Any CPU
		{C56607FD-FACA-4CE1-B6DD-FFD58E75D947}.Release|x86.ActiveCfg = Release|Any CPU
		{C56607FD-FACA-4CE1-B6DD-FFD58E75D947}.Release|x86.Build.0 = Release|Any CPU
		{0A35922A-F4E3-49C7-BF14-0119BAD015F2}.Debug|Any CPU.ActiveCfg = Debug|Any CPU
		{0A35922A-F4E3-49C7-BF14-0119BAD015F2}.Debug|Any CPU.Build.0 = Debug|Any CPU
		{0A35922A-F4E3-49C7-BF14-0119BAD015F2}.Debug|x64.ActiveCfg = Debug|Any CPU
		{0A35922A-F4E3-49C7-BF14-0119BAD015F2}.Debug|x64.Build.0 = Debug|Any CPU
		{0A35922A-F4E3-49C7-BF14-0119BAD015F2}.Debug|x86.ActiveCfg = Debug|Any CPU
		{0A35922A-F4E3-49C7-BF14-0119BAD015F2}.Debug|x86.Build.0 = Debug|Any CPU
		{0A35922A-F4E3-49C7-BF14-0119BAD015F2}.Release|Any CPU.ActiveCfg = Release|Any CPU
		{0A35922A-F4E3-49C7-BF14-0119BAD015F2}.Release|Any CPU.Build.0 = Release|Any CPU
		{0A35922A-F4E3-49C7-BF14-0119BAD015F2}.Release|x64.ActiveCfg = Release|Any CPU
		{0A35922A-F4E3-49C7-BF14-0119BAD015F2}.Release|x64.Build.0 = Release|Any CPU
		{0A35922A-F4E3-49C7-BF14-0119BAD015F2}.Release|x86.ActiveCfg = Release|Any CPU
		{0A35922A-F4E3-49C7-BF14-0119BAD015F2}.Release|x86.Build.0 = Release|Any CPU
	EndGlobalSection
	GlobalSection(SolutionProperties) = preSolution
		HideSolutionNode = FALSE
	EndGlobalSection
	GlobalSection(ExtensibilityGlobals) = postSolution
		SolutionGuid = {D88C2196-B70A-4B8F-86B1-AD6766372AEA}
	EndGlobalSection
EndGlobal
